
Microsoft Visual Studio Solution File, Format Version 12.00
# Visual Studio Version 16
VisualStudioVersion = 16.0.31205.134
MinimumVisualStudioVersion = 10.0.40219.1
Project("{FAE04EC0-301F-11D3-BF4B-00C04F79EFBC}") = "TP01", "TP01\TP01.csproj", "{1E152E84-0695-4A91-83D9-D49320F3BC3E}"
EndProject
Project("{FAE04EC0-301F-11D3-BF4B-00C04F79EFBC}") = "TP02", "TP02\TP02.csproj", "{C88DBB2B-FD47-40FA-85D7-A0A9A16BDEBD}"
EndProject
Project("{FAE04EC0-301F-11D3-BF4B-00C04F79EFBC}") = "TP03", "TP03\TP03.csproj", "{D17C2BD5-BA2F-44E3-B5AB-CC4E88DC6D01}"
EndProject
Project("{FAE04EC0-301F-11D3-BF4B-00C04F79EFBC}") = "TP04", "TP04\TP04.csproj", "{E8901A02-472C-4E5C-81A8-D2138A710A9C}"
EndProject
Project("{FAE04EC0-301F-11D3-BF4B-00C04F79EFBC}") = "PizzaClassLibrary", "PizzaClassLibrary\PizzaClassLibrary.csproj", "{2049E34C-5DB0-4CFC-B1DB-EABBADE8C657}"
EndProject
Project("{FAE04EC0-301F-11D3-BF4B-00C04F79EFBC}") = "TP05", "TP05\TP05.csproj", "{DB0A91C4-379C-435B-B378-378FD2240071}"
EndProject
Project("{FAE04EC0-301F-11D3-BF4B-00C04F79EFBC}") = "TP06", "TP06\TP06.csproj", "{8441F525-F552-4FAA-99F3-4A6A9DC43DA9}"
EndProject
Project("{FAE04EC0-301F-11D3-BF4B-00C04F79EFBC}") = "TP06_BO", "C:\Users\USER\Downloads\Le développement Web côté serveur – BackEnd avec ASP.NET\Module 6\Module 06 - Énoncé TP 01 - Le Dojo – partie 1\Ressources Module 06 - Enoncé TP 01\TP06_BO.csproj", "{0BBA0441-0AB7-4112-946B-521C9CEC7367}"
EndProject
Global
	GlobalSection(SolutionConfigurationPlatforms) = preSolution
		Debug|Any CPU = Debug|Any CPU
		Release|Any CPU = Release|Any CPU
	EndGlobalSection
	GlobalSection(ProjectConfigurationPlatforms) = postSolution
		{1E152E84-0695-4A91-83D9-D49320F3BC3E}.Debug|Any CPU.ActiveCfg = Debug|Any CPU
		{1E152E84-0695-4A91-83D9-D49320F3BC3E}.Debug|Any CPU.Build.0 = Debug|Any CPU
		{1E152E84-0695-4A91-83D9-D49320F3BC3E}.Release|Any CPU.ActiveCfg = Release|Any CPU
		{1E152E84-0695-4A91-83D9-D49320F3BC3E}.Release|Any CPU.Build.0 = Release|Any CPU
		{C88DBB2B-FD47-40FA-85D7-A0A9A16BDEBD}.Debug|Any CPU.ActiveCfg = Debug|Any CPU
		{C88DBB2B-FD47-40FA-85D7-A0A9A16BDEBD}.Debug|Any CPU.Build.0 = Debug|Any CPU
		{C88DBB2B-FD47-40FA-85D7-A0A9A16BDEBD}.Release|Any CPU.ActiveCfg = Release|Any CPU
		{C88DBB2B-FD47-40FA-85D7-A0A9A16BDEBD}.Release|Any CPU.Build.0 = Release|Any CPU
		{D17C2BD5-BA2F-44E3-B5AB-CC4E88DC6D01}.Debug|Any CPU.ActiveCfg = Debug|Any CPU
		{D17C2BD5-BA2F-44E3-B5AB-CC4E88DC6D01}.Debug|Any CPU.Build.0 = Debug|Any CPU
		{D17C2BD5-BA2F-44E3-B5AB-CC4E88DC6D01}.Release|Any CPU.ActiveCfg = Release|Any CPU
		{D17C2BD5-BA2F-44E3-B5AB-CC4E88DC6D01}.Release|Any CPU.Build.0 = Release|Any CPU
		{E8901A02-472C-4E5C-81A8-D2138A710A9C}.Debug|Any CPU.ActiveCfg = Debug|Any CPU
		{E8901A02-472C-4E5C-81A8-D2138A710A9C}.Debug|Any CPU.Build.0 = Debug|Any CPU
		{E8901A02-472C-4E5C-81A8-D2138A710A9C}.Release|Any CPU.ActiveCfg = Release|Any CPU
		{E8901A02-472C-4E5C-81A8-D2138A710A9C}.Release|Any CPU.Build.0 = Release|Any CPU
		{2049E34C-5DB0-4CFC-B1DB-EABBADE8C657}.Debug|Any CPU.ActiveCfg = Debug|Any CPU
		{2049E34C-5DB0-4CFC-B1DB-EABBADE8C657}.Debug|Any CPU.Build.0 = Debug|Any CPU
		{2049E34C-5DB0-4CFC-B1DB-EABBADE8C657}.Release|Any CPU.ActiveCfg = Release|Any CPU
		{2049E34C-5DB0-4CFC-B1DB-EABBADE8C657}.Release|Any CPU.Build.0 = Release|Any CPU
		{DB0A91C4-379C-435B-B378-378FD2240071}.Debug|Any CPU.ActiveCfg = Debug|Any CPU
		{DB0A91C4-379C-435B-B378-378FD2240071}.Debug|Any CPU.Build.0 = Debug|Any CPU
		{DB0A91C4-379C-435B-B378-378FD2240071}.Release|Any CPU.ActiveCfg = Release|Any CPU
		{DB0A91C4-379C-435B-B378-378FD2240071}.Release|Any CPU.Build.0 = Release|Any CPU
		{8441F525-F552-4FAA-99F3-4A6A9DC43DA9}.Debug|Any CPU.ActiveCfg = Debug|Any CPU
		{8441F525-F552-4FAA-99F3-4A6A9DC43DA9}.Debug|Any CPU.Build.0 = Debug|Any CPU
		{8441F525-F552-4FAA-99F3-4A6A9DC43DA9}.Release|Any CPU.ActiveCfg = Release|Any CPU
		{8441F525-F552-4FAA-99F3-4A6A9DC43DA9}.Release|Any CPU.Build.0 = Release|Any CPU
		{0BBA0441-0AB7-4112-946B-521C9CEC7367}.Debug|Any CPU.ActiveCfg = Debug|Any CPU
		{0BBA0441-0AB7-4112-946B-521C9CEC7367}.Debug|Any CPU.Build.0 = Debug|Any CPU
		{0BBA0441-0AB7-4112-946B-521C9CEC7367}.Release|Any CPU.ActiveCfg = Release|Any CPU
		{0BBA0441-0AB7-4112-946B-521C9CEC7367}.Release|Any CPU.Build.0 = Release|Any CPU
	EndGlobalSection
	GlobalSection(SolutionProperties) = preSolution
		HideSolutionNode = FALSE
	EndGlobalSection
	GlobalSection(ExtensibilityGlobals) = postSolution
		SolutionGuid = {4F0DF0B0-FA89-454C-B741-C721E576E04C}
	EndGlobalSection
EndGlobal
